
Microsoft Visual Studio Solution File, Format Version 12.00
# Visual Studio Version 17
VisualStudioVersion = 17.0.31903.59
MinimumVisualStudioVersion = 10.0.40219.1
Project("{FAE04EC0-301F-11D3-BF4B-00C04F79EFBC}") = "3_OOP_EXCERCISE", "3_OOP_EXCERCISE\OOP_EXCERCISE.csproj", "{7F9F8082-3BD3-472D-AE14-BB5387C63E27}"
EndProject
Project("{FAE04EC0-301F-11D3-BF4B-00C04F79EFBC}") = "0_C#_IN_A_NUTSHELL", "0_C#_IN_A_NUTSHELL\C#_IN_A_NUTSHELL.csproj", "{02FE5F2F-B76B-4788-88E4-B9E86BDF65BE}"
EndProject
Project("{FAE04EC0-301F-11D3-BF4B-00C04F79EFBC}") = "3_Polymorphism", "3_Polymorphism\Polymorphism.csproj", "{543868BC-655D-476F-82DA-64F14BB72398}"
EndProject
Project("{FAE04EC0-301F-11D3-BF4B-00C04F79EFBC}") = "1_Arrays_TwoDimentional", "1_Arrays_TwoDimentional\Arrays_TwoDimentional.csproj", "{0FE01F1A-422F-4F55-BF37-69F39F49590F}"
EndProject
Project("{FAE04EC0-301F-11D3-BF4B-00C04F79EFBC}") = "4_ErrorHandliing_Excersice", "4_ErrorHandliing_Excersice\4_ErrorHandliing_Excersice.csproj", "{9CCA0F66-5DD6-43AC-ABEB-27ED1900F131}"
EndProject
Project("{FAE04EC0-301F-11D3-BF4B-00C04F79EFBC}") = "2_DictionaryAndList", "2_DictionaryAndList\2_DictionaryAndList.csproj", "{1EDAC404-4786-4013-AA2F-5CC09CAAEC7C}"
EndProject
Project("{FAE04EC0-301F-11D3-BF4B-00C04F79EFBC}") = "3_Inheritance_Excercise", "3_Inheritance_Excercise\3_Inheritance_Excercise.csproj", "{B599FBE5-726E-4630-856D-FFFF0FAF84EC}"
EndProject
Global
	GlobalSection(SolutionConfigurationPlatforms) = preSolution
		Debug|Any CPU = Debug|Any CPU
		Release|Any CPU = Release|Any CPU
	EndGlobalSection
	GlobalSection(SolutionProperties) = preSolution
		HideSolutionNode = FALSE
	EndGlobalSection
	GlobalSection(ProjectConfigurationPlatforms) = postSolution
		{7F9F8082-3BD3-472D-AE14-BB5387C63E27}.Debug|Any CPU.ActiveCfg = Debug|Any CPU
		{7F9F8082-3BD3-472D-AE14-BB5387C63E27}.Debug|Any CPU.Build.0 = Debug|Any CPU
		{7F9F8082-3BD3-472D-AE14-BB5387C63E27}.Release|Any CPU.ActiveCfg = Release|Any CPU
		{7F9F8082-3BD3-472D-AE14-BB5387C63E27}.Release|Any CPU.Build.0 = Release|Any CPU
		{325B7A7A-6201-4BCB-A7CB-C68F4B7AA9F4}.Debug|Any CPU.ActiveCfg = Debug|Any CPU
		{325B7A7A-6201-4BCB-A7CB-C68F4B7AA9F4}.Debug|Any CPU.Build.0 = Debug|Any CPU
		{325B7A7A-6201-4BCB-A7CB-C68F4B7AA9F4}.Release|Any CPU.ActiveCfg = Release|Any CPU
		{325B7A7A-6201-4BCB-A7CB-C68F4B7AA9F4}.Release|Any CPU.Build.0 = Release|Any CPU
		{53EA312C-6AF0-4E34-A1F4-3EB178292E35}.Debug|Any CPU.ActiveCfg = Debug|Any CPU
		{53EA312C-6AF0-4E34-A1F4-3EB178292E35}.Debug|Any CPU.Build.0 = Debug|Any CPU
		{53EA312C-6AF0-4E34-A1F4-3EB178292E35}.Release|Any CPU.ActiveCfg = Release|Any CPU
		{53EA312C-6AF0-4E34-A1F4-3EB178292E35}.Release|Any CPU.Build.0 = Release|Any CPU
		{02FE5F2F-B76B-4788-88E4-B9E86BDF65BE}.Debug|Any CPU.ActiveCfg = Debug|Any CPU
		{02FE5F2F-B76B-4788-88E4-B9E86BDF65BE}.Debug|Any CPU.Build.0 = Debug|Any CPU
		{02FE5F2F-B76B-4788-88E4-B9E86BDF65BE}.Release|Any CPU.ActiveCfg = Release|Any CPU
		{02FE5F2F-B76B-4788-88E4-B9E86BDF65BE}.Release|Any CPU.Build.0 = Release|Any CPU
		{A2E27DB1-7E7B-4235-AF69-86A2F2412BDE}.Debug|Any CPU.ActiveCfg = Debug|Any CPU
		{A2E27DB1-7E7B-4235-AF69-86A2F2412BDE}.Debug|Any CPU.Build.0 = Debug|Any CPU
		{A2E27DB1-7E7B-4235-AF69-86A2F2412BDE}.Release|Any CPU.ActiveCfg = Release|Any CPU
		{A2E27DB1-7E7B-4235-AF69-86A2F2412BDE}.Release|Any CPU.Build.0 = Release|Any CPU
		{543868BC-655D-476F-82DA-64F14BB72398}.Debug|Any CPU.ActiveCfg = Debug|Any CPU
		{543868BC-655D-476F-82DA-64F14BB72398}.Debug|Any CPU.Build.0 = Debug|Any CPU
		{543868BC-655D-476F-82DA-64F14BB72398}.Release|Any CPU.ActiveCfg = Release|Any CPU
		{543868BC-655D-476F-82DA-64F14BB72398}.Release|Any CPU.Build.0 = Release|Any CPU
		{B468C443-DA1E-479D-A5A6-80EC55084184}.Debug|Any CPU.ActiveCfg = Debug|Any CPU
		{B468C443-DA1E-479D-A5A6-80EC55084184}.Debug|Any CPU.Build.0 = Debug|Any CPU
		{B468C443-DA1E-479D-A5A6-80EC55084184}.Release|Any CPU.ActiveCfg = Release|Any CPU
		{B468C443-DA1E-479D-A5A6-80EC55084184}.Release|Any CPU.Build.0 = Release|Any CPU
		{03B81D07-D256-4EAD-A908-FE5501AB2885}.Debug|Any CPU.ActiveCfg = Debug|Any CPU
		{03B81D07-D256-4EAD-A908-FE5501AB2885}.Debug|Any CPU.Build.0 = Debug|Any CPU
		{03B81D07-D256-4EAD-A908-FE5501AB2885}.Release|Any CPU.ActiveCfg = Release|Any CPU
		{03B81D07-D256-4EAD-A908-FE5501AB2885}.Release|Any CPU.Build.0 = Release|Any CPU
		{0FE01F1A-422F-4F55-BF37-69F39F49590F}.Debug|Any CPU.ActiveCfg = Debug|Any CPU
		{0FE01F1A-422F-4F55-BF37-69F39F49590F}.Debug|Any CPU.Build.0 = Debug|Any CPU
		{0FE01F1A-422F-4F55-BF37-69F39F49590F}.Release|Any CPU.ActiveCfg = Release|Any CPU
		{0FE01F1A-422F-4F55-BF37-69F39F49590F}.Release|Any CPU.Build.0 = Release|Any CPU
		{C093F63A-E0C5-4D3A-B0A0-5E82A6970E71}.Debug|Any CPU.ActiveCfg = Debug|Any CPU
		{C093F63A-E0C5-4D3A-B0A0-5E82A6970E71}.Debug|Any CPU.Build.0 = Debug|Any CPU
		{C093F63A-E0C5-4D3A-B0A0-5E82A6970E71}.Release|Any CPU.ActiveCfg = Release|Any CPU
		{C093F63A-E0C5-4D3A-B0A0-5E82A6970E71}.Release|Any CPU.Build.0 = Release|Any CPU
		{9CCA0F66-5DD6-43AC-ABEB-27ED1900F131}.Debug|Any CPU.ActiveCfg = Debug|Any CPU
		{9CCA0F66-5DD6-43AC-ABEB-27ED1900F131}.Debug|Any CPU.Build.0 = Debug|Any CPU
		{9CCA0F66-5DD6-43AC-ABEB-27ED1900F131}.Release|Any CPU.ActiveCfg = Release|Any CPU
		{9CCA0F66-5DD6-43AC-ABEB-27ED1900F131}.Release|Any CPU.Build.0 = Release|Any CPU
		{1EDAC404-4786-4013-AA2F-5CC09CAAEC7C}.Debug|Any CPU.ActiveCfg = Debug|Any CPU
		{1EDAC404-4786-4013-AA2F-5CC09CAAEC7C}.Debug|Any CPU.Build.0 = Debug|Any CPU
		{1EDAC404-4786-4013-AA2F-5CC09CAAEC7C}.Release|Any CPU.ActiveCfg = Release|Any CPU
		{1EDAC404-4786-4013-AA2F-5CC09CAAEC7C}.Release|Any CPU.Build.0 = Release|Any CPU
		{B599FBE5-726E-4630-856D-FFFF0FAF84EC}.Debug|Any CPU.ActiveCfg = Debug|Any CPU
		{B599FBE5-726E-4630-856D-FFFF0FAF84EC}.Debug|Any CPU.Build.0 = Debug|Any CPU
		{B599FBE5-726E-4630-856D-FFFF0FAF84EC}.Release|Any CPU.ActiveCfg = Release|Any CPU
		{B599FBE5-726E-4630-856D-FFFF0FAF84EC}.Release|Any CPU.Build.0 = Release|Any CPU
	EndGlobalSection
EndGlobal
